
Microsoft Visual Studio Solution File, Format Version 12.00
# Visual Studio Version 16
VisualStudioVersion = 16.6.30114.105
MinimumVisualStudioVersion = 10.0.40219.1
Project("{FAE04EC0-301F-11D3-BF4B-00C04F79EFBC}") = "PaymentGatewayService", "src\PaymentGatewayService\PaymentGatewayService.csproj", "{A8A0DF8B-D204-4725-A509-01BCB68DE66F}"
EndProject
Project("{FAE04EC0-301F-11D3-BF4B-00C04F79EFBC}") = "OrderService", "src\OrderService\OrderService.csproj", "{6A9174AE-4C84-4E43-9237-F6E91DE1203E}"
EndProject
Project("{FAE04EC0-301F-11D3-BF4B-00C04F79EFBC}") = "ContributionService", "src\ContributionService\ContributionService.csproj", "{5427E811-F166-4F94-BF2E-F2D1FDA12472}"
EndProject
Global
	GlobalSection(SolutionConfigurationPlatforms) = preSolution
		Debug|Any CPU = Debug|Any CPU
		Debug|x64 = Debug|x64
		Debug|x86 = Debug|x86
		Release|Any CPU = Release|Any CPU
		Release|x64 = Release|x64
		Release|x86 = Release|x86
	EndGlobalSection
	GlobalSection(SolutionProperties) = preSolution
		HideSolutionNode = FALSE
	EndGlobalSection
	GlobalSection(ProjectConfigurationPlatforms) = postSolution
		{A8A0DF8B-D204-4725-A509-01BCB68DE66F}.Debug|Any CPU.ActiveCfg = Debug|Any CPU
		{A8A0DF8B-D204-4725-A509-01BCB68DE66F}.Debug|Any CPU.Build.0 = Debug|Any CPU
		{A8A0DF8B-D204-4725-A509-01BCB68DE66F}.Debug|x64.ActiveCfg = Debug|Any CPU
		{A8A0DF8B-D204-4725-A509-01BCB68DE66F}.Debug|x64.Build.0 = Debug|Any CPU
		{A8A0DF8B-D204-4725-A509-01BCB68DE66F}.Debug|x86.ActiveCfg = Debug|Any CPU
		{A8A0DF8B-D204-4725-A509-01BCB68DE66F}.Debug|x86.Build.0 = Debug|Any CPU
		{A8A0DF8B-D204-4725-A509-01BCB68DE66F}.Release|Any CPU.ActiveCfg = Release|Any CPU
		{A8A0DF8B-D204-4725-A509-01BCB68DE66F}.Release|Any CPU.Build.0 = Release|Any CPU
		{A8A0DF8B-D204-4725-A509-01BCB68DE66F}.Release|x64.ActiveCfg = Release|Any CPU
		{A8A0DF8B-D204-4725-A509-01BCB68DE66F}.Release|x64.Build.0 = Release|Any CPU
		{A8A0DF8B-D204-4725-A509-01BCB68DE66F}.Release|x86.ActiveCfg = Release|Any CPU
		{A8A0DF8B-D204-4725-A509-01BCB68DE66F}.Release|x86.Build.0 = Release|Any CPU
		{6A9174AE-4C84-4E43-9237-F6E91DE1203E}.Debug|Any CPU.ActiveCfg = Debug|Any CPU
		{6A9174AE-4C84-4E43-9237-F6E91DE1203E}.Debug|Any CPU.Build.0 = Debug|Any CPU
		{6A9174AE-4C84-4E43-9237-F6E91DE1203E}.Debug|x64.ActiveCfg = Debug|Any CPU
		{6A9174AE-4C84-4E43-9237-F6E91DE1203E}.Debug|x64.Build.0 = Debug|Any CPU
		{6A9174AE-4C84-4E43-9237-F6E91DE1203E}.Debug|x86.ActiveCfg = Debug|Any CPU
		{6A9174AE-4C84-4E43-9237-F6E91DE1203E}.Debug|x86.Build.0 = Debug|Any CPU
		{6A9174AE-4C84-4E43-9237-F6E91DE1203E}.Release|Any CPU.ActiveCfg = Release|Any CPU
		{6A9174AE-4C84-4E43-9237-F6E91DE1203E}.Release|Any CPU.Build.0 = Release|Any CPU
		{6A9174AE-4C84-4E43-9237-F6E91DE1203E}.Release|x64.ActiveCfg = Release|Any CPU
		{6A9174AE-4C84-4E43-9237-F6E91DE1203E}.Release|x64.Build.0 = Release|Any CPU
		{6A9174AE-4C84-4E43-9237-F6E91DE1203E}.Release|x86.ActiveCfg = Release|Any CPU
		{6A9174AE-4C84-4E43-9237-F6E91DE1203E}.Release|x86.Build.0 = Release|Any CPU
		{5427E811-F166-4F94-BF2E-F2D1FDA12472}.Debug|Any CPU.ActiveCfg = Debug|Any CPU
		{5427E811-F166-4F94-BF2E-F2D1FDA12472}.Debug|Any CPU.Build.0 = Debug|Any CPU
		{5427E811-F166-4F94-BF2E-F2D1FDA12472}.Debug|x64.ActiveCfg = Debug|Any CPU
		{5427E811-F166-4F94-BF2E-F2D1FDA12472}.Debug|x64.Build.0 = Debug|Any CPU
		{5427E811-F166-4F94-BF2E-F2D1FDA12472}.Debug|x86.ActiveCfg = Debug|Any CPU
		{5427E811-F166-4F94-BF2E-F2D1FDA12472}.Debug|x86.Build.0 = Debug|Any CPU
		{5427E811-F166-4F94-BF2E-F2D1FDA12472}.Release|Any CPU.ActiveCfg = Release|Any CPU
		{5427E811-F166-4F94-BF2E-F2D1FDA12472}.Release|Any CPU.Build.0 = Release|Any CPU
		{5427E811-F166-4F94-BF2E-F2D1FDA12472}.Release|x64.ActiveCfg = Release|Any CPU
		{5427E811-F166-4F94-BF2E-F2D1FDA12472}.Release|x64.Build.0 = Release|Any CPU
		{5427E811-F166-4F94-BF2E-F2D1FDA12472}.Release|x86.ActiveCfg = Release|Any CPU
		{5427E811-F166-4F94-BF2E-F2D1FDA12472}.Release|x86.Build.0 = Release|Any CPU
	EndGlobalSection
EndGlobal
